{
    "name": "graphql-api-and-serverless",
    "version": "1.0.0",
    "lockfileVersion": 1,
    "requires": true,
    "dependencies": {
        "@hapi/accept": {
            "version": "3.2.2",
            "resolved": "https://registry.npmjs.org/@hapi/accept/-/accept-3.2.2.tgz",
            "integrity": "sha512-UtXlTT59srtMr7ZRBzK2CvyWqFwlf78hPt9jEXqkwfbwiwRH1PRv/qkS8lgr5ZyoG6kfpU3xTgt2X91Yfe/6Yg==",
            "dev": true,
            "requires": {
                "@hapi/boom": "7.x.x",
                "@hapi/hoek": "6.x.x"
            }
        },
        "@hapi/address": {
            "version": "2.0.0",
            "resolved": "https://registry.npmjs.org/@hapi/address/-/address-2.0.0.tgz",
            "integrity": "sha512-mV6T0IYqb0xL1UALPFplXYQmR0twnXG0M6jUswpquqT2sD12BOiCiLy3EvMp/Fy7s3DZElC4/aPjEjo2jeZpvw==",
            "dev": true
        },
        "@hapi/ammo": {
            "version": "3.1.0",
            "resolved": "https://registry.npmjs.org/@hapi/ammo/-/ammo-3.1.0.tgz",
            "integrity": "sha512-iFQBEfm3WwWy8JdPQ8l6qXVLPtzmjITVfaxwl6dfoP8kKv6i2Uk43Ax+ShkNfOVyfEnNggqL2IyZTY3DaaRGNg==",
            "dev": true,
            "requires": {
                "@hapi/hoek": "6.x.x"
            }
        },
        "@hapi/b64": {
            "version": "4.2.0",
            "resolved": "https://registry.npmjs.org/@hapi/b64/-/b64-4.2.0.tgz",
            "integrity": "sha512-hmfPC1aF7cP21489A/IWPC3s1GE+1eAteVwFcOWLwj0Pky8eHgvrXPSSko2IeCpxqOdZhYw71IFN8xKPdv3CtQ==",
            "dev": true,
            "requires": {
                "@hapi/hoek": "6.x.x"
            }
        },
        "@hapi/boom": {
            "version": "7.4.2",
            "resolved": "https://registry.npmjs.org/@hapi/boom/-/boom-7.4.2.tgz",
            "integrity": "sha512-T2CYcTI0AqSvC6YC7keu/fh9LVSMzfoMLharBnPbOwmc+Cexj9joIc5yNDKunaxYq9LPuOwMS0f2B3S1tFQUNw==",
            "dev": true,
            "requires": {
                "@hapi/hoek": "6.x.x"
            }
        },
        "@hapi/bounce": {
            "version": "1.3.1",
            "resolved": "https://registry.npmjs.org/@hapi/bounce/-/bounce-1.3.1.tgz",
            "integrity": "sha512-/ecFQTRBom2MEbjMHvKKE6FZ/e1gYK72CeUIFzz++dKK1kYJ0KbRJ72mXroWoTT2hIv+8H0ua/eOkO0+hRdHcw==",
            "dev": true,
            "requires": {
                "@hapi/boom": "7.x.x",
                "@hapi/hoek": "8.x.x"
            },
            "dependencies": {
                "@hapi/hoek": {
                    "version": "8.0.2",
                    "resolved": "https://registry.npmjs.org/@hapi/hoek/-/hoek-8.0.2.tgz",
                    "integrity": "sha512-O6o6mrV4P65vVccxymuruucb+GhP2zl9NLCG8OdoFRS8BEGw3vwpPp20wpAtpbQQxz1CEUtmxJGgWhjq1XA3qw==",
                    "dev": true
                }
            }
        },
        "@hapi/bourne": {
            "version": "1.3.2",
            "resolved": "https://registry.npmjs.org/@hapi/bourne/-/bourne-1.3.2.tgz",
            "integrity": "sha512-1dVNHT76Uu5N3eJNTYcvxee+jzX4Z9lfciqRRHCU27ihbUcYi+iSc2iml5Ke1LXe1SyJCLA0+14Jh4tXJgOppA==",
            "dev": true
        },
        "@hapi/call": {
            "version": "5.1.0",
            "resolved": "https://registry.npmjs.org/@hapi/call/-/call-5.1.0.tgz",
            "integrity": "sha512-CiVEXjD/jiIHBqufBW3pdedshEMjRmHtff7m1puot8j4MUmuKRbLlh0DB8fv6QqH/7/55pH1qgFj300r0WpyMw==",
            "dev": true,
            "requires": {
                "@hapi/boom": "7.x.x",
                "@hapi/hoek": "6.x.x"
            }
        },
        "@hapi/catbox": {
            "version": "10.2.1",
            "resolved": "https://registry.npmjs.org/@hapi/catbox/-/catbox-10.2.1.tgz",
            "integrity": "sha512-u13BXlnmmrNUZssjTriRVTLuk6I/yUy5C1/Pia1+E2cpfd7o2/jmEvYdFgeS0Ft9QTz7WWhpXKlrguARUuohhQ==",
            "dev": true,
            "requires": {
                "@hapi/boom": "7.x.x",
                "@hapi/hoek": "6.x.x",
                "@hapi/joi": "15.x.x",
                "@hapi/podium": "3.x.x"
            }
        },
        "@hapi/catbox-memory": {
            "version": "4.1.0",
            "resolved": "https://registry.npmjs.org/@hapi/catbox-memory/-/catbox-memory-4.1.0.tgz",
            "integrity": "sha512-libCGyufOZaJu6uE9nVXw/u8tqOt4ifNIrOSAsDjzS+af3vPJyid8faOICqKCAh3E338UAsUe5AeYdezdsmtpg==",
            "dev": true,
            "requires": {
                "@hapi/boom": "7.x.x",
                "@hapi/hoek": "6.x.x"
            }
        },
        "@hapi/content": {
            "version": "4.1.0",
            "resolved": "https://registry.npmjs.org/@hapi/content/-/content-4.1.0.tgz",
            "integrity": "sha512-hv2Czsl49hnWDEfRZOFow/BmYbKyfEknmk3k83gOp6moFn5ceHB4xVcna8OwsGfy8dxO81lhpPy+JgQEaU4SWw==",
            "dev": true,
            "requires": {
                "@hapi/boom": "7.x.x"
            }
        },
        "@hapi/cryptiles": {
            "version": "4.2.0",
            "resolved": "https://registry.npmjs.org/@hapi/cryptiles/-/cryptiles-4.2.0.tgz",
            "integrity": "sha512-P+ioMP1JGhwDOKPRuQls6sT/ln6Fk+Ks6d90mlBi6HcOu5itvdUiFv5Ynq2DvLadPDWaA43lwNxkfZrjE9s2MA==",
            "dev": true,
            "requires": {
                "@hapi/boom": "7.x.x"
            }
        },
        "@hapi/file": {
            "version": "1.0.0",
            "resolved": "https://registry.npmjs.org/@hapi/file/-/file-1.0.0.tgz",
            "integrity": "sha512-Bsfp/+1Gyf70eGtnIgmScvrH8sSypO3TcK3Zf0QdHnzn/ACnAkI6KLtGACmNRPEzzIy+W7aJX5E+1fc9GwIABQ==",
            "dev": true
        },
        "@hapi/h2o2": {
            "version": "8.3.0",
            "resolved": "https://registry.npmjs.org/@hapi/h2o2/-/h2o2-8.3.0.tgz",
            "integrity": "sha512-JKFqewDvVBXwhIHFIuFjtndzW5SDA1oi7qohwYW/igqfDdOAwYq9cYlpGVPg+KeeDCESDNJCl7bPQt+oQgirOw==",
            "dev": true,
            "requires": {
                "@hapi/boom": "7.x.x",
                "@hapi/hoek": "6.x.x",
                "@hapi/joi": "15.x.x",
                "@hapi/wreck": "15.x.x"
            }
        },
        "@hapi/hapi": {
            "version": "18.3.1",
            "resolved": "https://registry.npmjs.org/@hapi/hapi/-/hapi-18.3.1.tgz",
            "integrity": "sha512-gBiU9isWWezrg0ucX95Ph6AY6fUKZub3FxKapaleoFBJDOUcxTYiQR6Lha2zvHalIFoTl3K04O3Yr/5pD17QkQ==",
            "dev": true,
            "requires": {
                "@hapi/accept": "3.x.x",
                "@hapi/ammo": "3.x.x",
                "@hapi/boom": "7.x.x",
                "@hapi/bounce": "1.x.x",
                "@hapi/call": "5.x.x",
                "@hapi/catbox": "10.x.x",
                "@hapi/catbox-memory": "4.x.x",
                "@hapi/heavy": "6.x.x",
                "@hapi/hoek": "6.x.x",
                "@hapi/joi": "15.x.x",
                "@hapi/mimos": "4.x.x",
                "@hapi/podium": "3.x.x",
                "@hapi/shot": "4.x.x",
                "@hapi/somever": "2.x.x",
                "@hapi/statehood": "6.x.x",
                "@hapi/subtext": "6.x.x",
                "@hapi/teamwork": "3.x.x",
                "@hapi/topo": "3.x.x"
            }
        },
        "@hapi/heavy": {
            "version": "6.2.0",
            "resolved": "https://registry.npmjs.org/@hapi/heavy/-/heavy-6.2.0.tgz",
            "integrity": "sha512-tzGU9cElY0IxRBudGB7tLFkdpBD8XQPfd6G7DSOnvHRK+q96UHGHn4t59Yd7kDpVucNkErWWYarsGx2KmKPkXA==",
            "dev": true,
            "requires": {
                "@hapi/boom": "7.x.x",
                "@hapi/hoek": "6.x.x",
                "@hapi/joi": "15.x.x"
            }
        },
        "@hapi/hoek": {
            "version": "6.2.4",
            "resolved": "https://registry.npmjs.org/@hapi/hoek/-/hoek-6.2.4.tgz",
            "integrity": "sha512-HOJ20Kc93DkDVvjwHyHawPwPkX44sIrbXazAUDiUXaY2R9JwQGo2PhFfnQtdrsIe4igjG2fPgMra7NYw7qhy0A==",
            "dev": true
        },
        "@hapi/iron": {
            "version": "5.1.0",
            "resolved": "https://registry.npmjs.org/@hapi/iron/-/iron-5.1.0.tgz",
            "integrity": "sha512-+MK3tBPkEKd50SrDTRXa2DVvE0UTPFKxGbodlbQpNP9SVlxi+ZwA640VJtMNj84FZh81UUxda8AOLPRKFffnEA==",
            "dev": true,
            "requires": {
                "@hapi/b64": "4.x.x",
                "@hapi/boom": "7.x.x",
                "@hapi/cryptiles": "4.x.x",
                "@hapi/hoek": "6.x.x"
            }
        },
        "@hapi/joi": {
            "version": "15.1.0",
            "resolved": "https://registry.npmjs.org/@hapi/joi/-/joi-15.1.0.tgz",
            "integrity": "sha512-n6kaRQO8S+kepUTbXL9O/UOL788Odqs38/VOfoCrATDtTvyfiO3fgjlSRaNkHabpTLgM7qru9ifqXlXbXk8SeQ==",
            "dev": true,
            "requires": {
                "@hapi/address": "2.x.x",
                "@hapi/hoek": "6.x.x",
                "@hapi/marker": "1.x.x",
                "@hapi/topo": "3.x.x"
            }
        },
        "@hapi/marker": {
            "version": "1.0.0",
            "resolved": "https://registry.npmjs.org/@hapi/marker/-/marker-1.0.0.tgz",
            "integrity": "sha512-JOfdekTXnJexfE8PyhZFyHvHjt81rBFSAbTIRAhF2vv/2Y1JzoKsGqxH/GpZJoF7aEfYok8JVcAHmSz1gkBieA==",
            "dev": true
        },
        "@hapi/mimos": {
            "version": "4.1.0",
            "resolved": "https://registry.npmjs.org/@hapi/mimos/-/mimos-4.1.0.tgz",
            "integrity": "sha512-CkxOB15TFZDMl5tQ5qezKZvvBnkRYVc8YksNfA5TnqQMMsU7vGPyvuuNFqj+15bfEwHyM6qasxyQNdkX9B/cQw==",
            "dev": true,
            "requires": {
                "@hapi/hoek": "6.x.x",
                "mime-db": "1.x.x"
            }
        },
        "@hapi/nigel": {
            "version": "3.1.0",
            "resolved": "https://registry.npmjs.org/@hapi/nigel/-/nigel-3.1.0.tgz",
            "integrity": "sha512-IJyau32pz5Bf7pzUU/8AIn/SvPvhLMQcOel6kM7ECpKyPc895AwttSusRKfgTwfxZOEG6W8DnNv25gLtqrVFSg==",
            "dev": true,
            "requires": {
                "@hapi/hoek": "6.x.x",
                "@hapi/vise": "3.x.x"
            }
        },
        "@hapi/pez": {
            "version": "4.1.0",
            "resolved": "https://registry.npmjs.org/@hapi/pez/-/pez-4.1.0.tgz",
            "integrity": "sha512-c+AxL8/cCj+7FB+tzJ5FhWKYP8zF7/7mA3Ft3a5y7h6YT26qzhj5d2JY27jur30KaZbrZAd4ofXXkqvE/IpJlA==",
            "dev": true,
            "requires": {
                "@hapi/b64": "4.x.x",
                "@hapi/boom": "7.x.x",
                "@hapi/content": "4.x.x",
                "@hapi/hoek": "6.x.x",
                "@hapi/nigel": "3.x.x"
            }
        },
        "@hapi/podium": {
            "version": "3.4.0",
            "resolved": "https://registry.npmjs.org/@hapi/podium/-/podium-3.4.0.tgz",
            "integrity": "sha512-IwyewAPGlCoq+g5536PKSDqSTfgpwbj+q4cBJpEUNqzwc5C5SM2stuFsULU7x1jKeWevfgWDoYWC75ML4IOYug==",
            "dev": true,
            "requires": {
                "@hapi/hoek": "6.x.x",
                "@hapi/joi": "15.x.x"
            }
        },
        "@hapi/shot": {
            "version": "4.1.0",
            "resolved": "https://registry.npmjs.org/@hapi/shot/-/shot-4.1.0.tgz",
            "integrity": "sha512-rpUU5cF08fqAZLLnue6Sy0osj1QMPbrYskehxtLFPdk7CwlPcu9N/wRtgu7vDHTQCKTkag6M8sjc8V8p8lSxpg==",
            "dev": true,
            "requires": {
                "@hapi/hoek": "6.x.x",
                "@hapi/joi": "15.x.x"
            }
        },
        "@hapi/somever": {
            "version": "2.1.0",
            "resolved": "https://registry.npmjs.org/@hapi/somever/-/somever-2.1.0.tgz",
            "integrity": "sha512-kMPewbpgLd0MSlNg0bjvq57Levozbg7c3O0idpWRxRgXfXBALNATLf8GRVbnMehYXAh7YRD2mR/91kginDtJ2Q==",
            "dev": true,
            "requires": {
                "@hapi/bounce": "1.x.x",
                "@hapi/hoek": "6.x.x"
            }
        },
        "@hapi/statehood": {
            "version": "6.1.0",
            "resolved": "https://registry.npmjs.org/@hapi/statehood/-/statehood-6.1.0.tgz",
            "integrity": "sha512-qc8Qq3kg0b3XK7siXf6DK0wp+rcOrXv336kIP6YrtD9TbQ45TsBobwKkUXB+4R3GCCQ8a6tOj8FR/9bdtjKJCA==",
            "dev": true,
            "requires": {
                "@hapi/boom": "7.x.x",
                "@hapi/bounce": "1.x.x",
                "@hapi/bourne": "1.x.x",
                "@hapi/cryptiles": "4.x.x",
                "@hapi/hoek": "6.x.x",
                "@hapi/iron": "5.x.x",
                "@hapi/joi": "15.x.x"
            }
        },
        "@hapi/subtext": {
            "version": "6.1.1",
            "resolved": "https://registry.npmjs.org/@hapi/subtext/-/subtext-6.1.1.tgz",
            "integrity": "sha512-Y7NjKFRPwlzKRw5IdwRou42hR4IBQZolT+/DlvfSr/CBjGyu38n5+9LKfNKzqB/0AVEk+xynCijsx1o1UVWX8A==",
            "dev": true,
            "requires": {
                "@hapi/boom": "7.x.x",
                "@hapi/bourne": "1.x.x",
                "@hapi/content": "4.x.x",
                "@hapi/file": "1.x.x",
                "@hapi/hoek": "8.x.x",
                "@hapi/pez": "4.x.x",
                "@hapi/wreck": "15.x.x"
            },
            "dependencies": {
                "@hapi/hoek": {
                    "version": "8.0.2",
                    "resolved": "https://registry.npmjs.org/@hapi/hoek/-/hoek-8.0.2.tgz",
                    "integrity": "sha512-O6o6mrV4P65vVccxymuruucb+GhP2zl9NLCG8OdoFRS8BEGw3vwpPp20wpAtpbQQxz1CEUtmxJGgWhjq1XA3qw==",
                    "dev": true
                }
            }
        },
        "@hapi/teamwork": {
            "version": "3.3.1",
            "resolved": "https://registry.npmjs.org/@hapi/teamwork/-/teamwork-3.3.1.tgz",
            "integrity": "sha512-61tiqWCYvMKP7fCTXy0M4VE6uNIwA0qvgFoiDubgfj7uqJ0fdHJFQNnVPGrxhLWlwz0uBPWrQlBH7r8y9vFITQ==",
            "dev": true
        },
        "@hapi/topo": {
            "version": "3.1.2",
            "resolved": "https://registry.npmjs.org/@hapi/topo/-/topo-3.1.2.tgz",
            "integrity": "sha512-r+aumOqJ5QbD6aLPJWqVjMAPsx5pZKz+F5yPqXZ/WWG9JTtHbQqlzrJoknJ0iJxLj9vlXtmpSdjlkszseeG8OA==",
            "dev": true,
            "requires": {
                "@hapi/hoek": "8.x.x"
            },
            "dependencies": {
                "@hapi/hoek": {
                    "version": "8.0.2",
                    "resolved": "https://registry.npmjs.org/@hapi/hoek/-/hoek-8.0.2.tgz",
                    "integrity": "sha512-O6o6mrV4P65vVccxymuruucb+GhP2zl9NLCG8OdoFRS8BEGw3vwpPp20wpAtpbQQxz1CEUtmxJGgWhjq1XA3qw==",
                    "dev": true
                }
            }
        },
        "@hapi/vise": {
            "version": "3.1.0",
            "resolved": "https://registry.npmjs.org/@hapi/vise/-/vise-3.1.0.tgz",
            "integrity": "sha512-DUDzV0D4iVO5atghsjGZtzaF0HVtRLcxcnH6rAONyH0stnoLiFloGEuP5nkbIPU0B9cgWTzTUsQPuNHBzxy9Yw==",
            "dev": true,
            "requires": {
                "@hapi/hoek": "6.x.x"
            }
        },
        "@hapi/wreck": {
            "version": "15.0.1",
            "resolved": "https://registry.npmjs.org/@hapi/wreck/-/wreck-15.0.1.tgz",
            "integrity": "sha512-ByXQna/W1FZk7dg8NEhL79u4QkhzszRz76VpgyGstSH8bLM01a0C8RsxmUBgi6Tjkag5jA9kaEIhF9dLpMrtBw==",
            "dev": true,
            "requires": {
                "@hapi/boom": "7.x.x",
                "@hapi/bourne": "1.x.x",
                "@hapi/hoek": "6.x.x"
            }
        },
        "async-limiter": {
            "version": "1.0.0",
            "resolved": "https://registry.npmjs.org/async-limiter/-/async-limiter-1.0.0.tgz",
            "integrity": "sha512-jp/uFnooOiO+L211eZOoSyzpOITMXx1rBITauYykG3BRYPu8h0UcxsPNB04RR5vo4Tyz3+ay17tR6JVf9qzYWg==",
            "dev": true
        },
        "aws-sdk": {
            "version": "2.493.0",
            "resolved": "https://registry.npmjs.org/aws-sdk/-/aws-sdk-2.493.0.tgz",
            "integrity": "sha512-xLNpjiNgLZoXqwmLQ+czP3UQzeRgsutpG1KGfVUaj/3giqEElpn0wYkwhkJt4Glm9xf3jgzAdbFEDYM7u+Llxg==",
            "requires": {
                "buffer": "4.9.1",
                "events": "1.1.1",
                "ieee754": "1.1.8",
                "jmespath": "0.15.0",
                "querystring": "0.2.0",
                "sax": "1.2.1",
                "url": "0.10.3",
                "uuid": "3.3.2",
                "xml2js": "0.4.19"
            },
            "dependencies": {
                "ieee754": {
                    "version": "1.1.8",
                    "resolved": "https://registry.npmjs.org/ieee754/-/ieee754-1.1.8.tgz",
                    "integrity": "sha1-vjPUCsEO8ZJnAfbwii2G+/0a0+Q="
                }
            }
        },
        "base64-js": {
            "version": "1.3.0",
            "resolved": "https://registry.npmjs.org/base64-js/-/base64-js-1.3.0.tgz",
            "integrity": "sha512-ccav/yGvoa80BQDljCxsmmQ3Xvx60/UpBIij5QN21W3wBi/hhIC9OoO+KLpu9IJTS9j4DRVJ3aDDF9cMSoa2lw=="
        },
        "bignumber.js": {
            "version": "8.1.1",
            "resolved": "https://registry.npmjs.org/bignumber.js/-/bignumber.js-8.1.1.tgz",
            "integrity": "sha512-QD46ppGintwPGuL1KqmwhR0O+N2cZUg8JG/VzwI2e28sM9TqHjQB10lI4QAaMHVbLzwVLLAwEglpKPViWX+5NQ==",
            "dev": true
        },
        "buffer": {
            "version": "4.9.1",
            "resolved": "https://registry.npmjs.org/buffer/-/buffer-4.9.1.tgz",
            "integrity": "sha1-bRu2AbB6TvztlwlBMgkwJ8lbwpg=",
            "requires": {
                "base64-js": "^1.0.2",
                "ieee754": "^1.1.4",
                "isarray": "^1.0.0"
            }
        },
        "buffer-equal-constant-time": {
            "version": "1.0.1",
            "resolved": "https://registry.npmjs.org/buffer-equal-constant-time/-/buffer-equal-constant-time-1.0.1.tgz",
            "integrity": "sha1-+OcRMvf/5uAaXJaXpMbz5I1cyBk=",
            "dev": true
        },
        "cbor": {
            "version": "4.1.4",
            "resolved": "https://registry.npmjs.org/cbor/-/cbor-4.1.4.tgz",
            "integrity": "sha512-SqNWyQnnYtKAPLA7lupvuGKrEgoF2rR/7I9rXdmW/9uxtmKdltthHTf8hfLLN1SIkoAFwz/jb6+VZuaHv3Lv6Q==",
            "dev": true,
            "requires": {
                "bignumber.js": "^8.0.1",
                "commander": "^2.19.0",
                "json-text-sequence": "^0.1",
                "nofilter": "^1.0.1"
            }
        },
        "cbor-js": {
            "version": "0.1.0",
            "resolved": "https://registry.npmjs.org/cbor-js/-/cbor-js-0.1.0.tgz",
            "integrity": "sha1-yAzmEg84fo+qdDcN/aIdlluPx/k=",
            "dev": true
        },
        "commander": {
            "version": "2.20.0",
            "resolved": "https://registry.npmjs.org/commander/-/commander-2.20.0.tgz",
            "integrity": "sha512-7j2y+40w61zy6YC2iRNpUe/NwhNyoXrYpHMrSunaMG64nRnaf96zO/KMQR4OyN/UnE5KLyEBnKHd4aG3rskjpQ==",
            "dev": true
        },
        "cuid": {
            "version": "2.1.6",
            "resolved": "https://registry.npmjs.org/cuid/-/cuid-2.1.6.tgz",
            "integrity": "sha512-ZFp7PS6cSYMJNch9fc3tyHdE4T8TDo3Y5qAxb0KSA9mpiYDo7z9ql1CznFuuzxea9STVIDy0tJWm2lYiX2ZU1Q==",
            "dev": true
        },
        "define-properties": {
            "version": "1.1.3",
            "resolved": "https://registry.npmjs.org/define-properties/-/define-properties-1.1.3.tgz",
            "integrity": "sha512-3MqfYKj2lLzdMSf8ZIZE/V+Zuy+BgD6f164e8K2w7dgnpKArBDerGYpM46IYYcjnkdPNMjPk9A6VFB8+3SKlXQ==",
            "dev": true,
            "requires": {
                "object-keys": "^1.0.12"
            }
        },
        "delimit-stream": {
            "version": "0.1.0",
            "resolved": "https://registry.npmjs.org/delimit-stream/-/delimit-stream-0.1.0.tgz",
            "integrity": "sha1-m4MZR3wOX4rrPONXrjBfwl6hzSs=",
            "dev": true
        },
        "ecdsa-sig-formatter": {
            "version": "1.0.11",
            "resolved": "https://registry.npmjs.org/ecdsa-sig-formatter/-/ecdsa-sig-formatter-1.0.11.tgz",
            "integrity": "sha512-nagl3RYrbNv6kQkeJIpt6NJZy8twLB/2vtz6yN9Z4vRKHN4/QZJIEbqohALSgwKdnksuY3k5Addp5lg8sVoVcQ==",
            "dev": true,
            "requires": {
                "safe-buffer": "^5.0.1"
            }
        },
        "encodr": {
            "version": "1.2.0",
            "resolved": "https://registry.npmjs.org/encodr/-/encodr-1.2.0.tgz",
            "integrity": "sha512-OHAfuXxoeXEeXFZ0Vu3CGegIVI1iuLLdVMy1EIVDBfvff1tMjVwRNBFuo5UbjBm3Efcu+GiIYGOt0H3NKDjPrw==",
            "dev": true,
            "requires": {
                "cbor": "4.1.4",
                "cbor-js": "0.1.0",
                "msgpack-lite": "0.1.26",
                "utf8": "3.0.0"
            }
        },
        "es-abstract": {
            "version": "1.13.0",
            "resolved": "https://registry.npmjs.org/es-abstract/-/es-abstract-1.13.0.tgz",
            "integrity": "sha512-vDZfg/ykNxQVwup/8E1BZhVzFfBxs9NqMzGcvIJrqg5k2/5Za2bWo40dK2J1pgLngZ7c+Shh8lwYtLGyrwPutg==",
            "dev": true,
            "requires": {
                "es-to-primitive": "^1.2.0",
                "function-bind": "^1.1.1",
                "has": "^1.0.3",
                "is-callable": "^1.1.4",
                "is-regex": "^1.0.4",
                "object-keys": "^1.0.12"
            }
        },
        "es-to-primitive": {
            "version": "1.2.0",
            "resolved": "https://registry.npmjs.org/es-to-primitive/-/es-to-primitive-1.2.0.tgz",
            "integrity": "sha512-qZryBOJjV//LaxLTV6UC//WewneB3LcXOL9NP++ozKVXsIIIpm/2c13UDiD9Jp2eThsecw9m3jPqDwTyobcdbg==",
            "dev": true,
            "requires": {
                "is-callable": "^1.1.4",
                "is-date-object": "^1.0.1",
                "is-symbol": "^1.0.2"
            }
        },
        "event-lite": {
            "version": "0.1.2",
            "resolved": "https://registry.npmjs.org/event-lite/-/event-lite-0.1.2.tgz",
            "integrity": "sha512-HnSYx1BsJ87/p6swwzv+2v6B4X+uxUteoDfRxsAb1S1BePzQqOLevVmkdA15GHJVd9A9Ok6wygUR18Hu0YeV9g==",
            "dev": true
        },
        "eventemitter3": {
            "version": "3.1.2",
            "resolved": "https://registry.npmjs.org/eventemitter3/-/eventemitter3-3.1.2.tgz",
            "integrity": "sha512-tvtQIeLVHjDkJYnzf2dgVMxfuSGJeM/7UCG17TT4EumTfNtF+0nebF/4zWOIkCreAbtNqhGEboB6BWrwqNaw4Q==",
            "dev": true
        },
        "events": {
            "version": "1.1.1",
            "resolved": "https://registry.npmjs.org/events/-/events-1.1.1.tgz",
            "integrity": "sha1-nr23Y1rQmccNzEwqH1AEKI6L2SQ="
        },
        "function-bind": {
            "version": "1.1.1",
            "resolved": "https://registry.npmjs.org/function-bind/-/function-bind-1.1.1.tgz",
            "integrity": "sha512-yIovAzMX49sF8Yl58fSCWJ5svSLuaibPxXQJFLmBObTuCr0Mf1KiPopGM9NiFjiYBCbfaa2Fh6breQ6ANVTI0A==",
            "dev": true
        },
        "hapi-plugin-websocket": {
            "version": "2.1.2",
            "resolved": "https://registry.npmjs.org/hapi-plugin-websocket/-/hapi-plugin-websocket-2.1.2.tgz",
            "integrity": "sha512-QqpBaWJPeAq/uWd3pNt73hoavMiJJgW8agOBPMlYuT3qowrgnVWSZeAd5Gtv+7kG/Yk6cV0Vg26RBMNohe0jBA==",
            "dev": true,
            "requires": {
                "@hapi/boom": "7.4.2",
                "@hapi/hoek": "7.1.0",
                "urijs": "1.19.1",
                "websocket-framed": "1.2.1",
                "ws": "7.0.0"
            },
            "dependencies": {
                "@hapi/hoek": {
                    "version": "7.1.0",
                    "resolved": "https://registry.npmjs.org/@hapi/hoek/-/hoek-7.1.0.tgz",
                    "integrity": "sha512-jBTPzWrWQAizq7naLVwU+P2+TzVY3ZtPSX+F9gwW23ihwpihpYKvjN21zHKUjaePYS9ijlDF3oFVNbGfhbbk2w==",
                    "dev": true
                }
            }
        },
        "has": {
            "version": "1.0.3",
            "resolved": "https://registry.npmjs.org/has/-/has-1.0.3.tgz",
            "integrity": "sha512-f2dvO0VU6Oej7RkWJGrehjbzMAjFp5/VKPp5tTpWIV4JHHZK1/BxbFRtf/siA2SWTe09caDmVtYYzWEIbBS4zw==",
            "dev": true,
            "requires": {
                "function-bind": "^1.1.1"
            }
        },
        "has-symbols": {
            "version": "1.0.0",
            "resolved": "https://registry.npmjs.org/has-symbols/-/has-symbols-1.0.0.tgz",
            "integrity": "sha1-uhqPGvKg/DllD1yFA2dwQSIGO0Q=",
            "dev": true
        },
        "ieee754": {
            "version": "1.1.13",
            "resolved": "https://registry.npmjs.org/ieee754/-/ieee754-1.1.13.tgz",
            "integrity": "sha512-4vf7I2LYV/HaWerSo3XmlMkp5eZ83i+/CDluXi/IGTs/O1sejBNhTtnxzmRZfvOUqj7lZjqHkeTvpgSFDlWZTg=="
        },
        "int64-buffer": {
            "version": "0.1.10",
            "resolved": "https://registry.npmjs.org/int64-buffer/-/int64-buffer-0.1.10.tgz",
            "integrity": "sha1-J3siiofZWtd30HwTgyAiQGpHNCM=",
            "dev": true
        },
        "is-callable": {
            "version": "1.1.4",
            "resolved": "https://registry.npmjs.org/is-callable/-/is-callable-1.1.4.tgz",
            "integrity": "sha512-r5p9sxJjYnArLjObpjA4xu5EKI3CuKHkJXMhT7kwbpUyIFD1n5PMAsoPvWnvtZiNz7LjkYDRZhd7FlI0eMijEA==",
            "dev": true
        },
        "is-date-object": {
            "version": "1.0.1",
            "resolved": "https://registry.npmjs.org/is-date-object/-/is-date-object-1.0.1.tgz",
            "integrity": "sha1-mqIOtq7rv/d/vTPnTKAbM1gdOhY=",
            "dev": true
        },
        "is-regex": {
            "version": "1.0.4",
            "resolved": "https://registry.npmjs.org/is-regex/-/is-regex-1.0.4.tgz",
            "integrity": "sha1-VRdIm1RwkbCTDglWVM7SXul+lJE=",
            "dev": true,
            "requires": {
                "has": "^1.0.1"
            }
        },
        "is-symbol": {
            "version": "1.0.2",
            "resolved": "https://registry.npmjs.org/is-symbol/-/is-symbol-1.0.2.tgz",
            "integrity": "sha512-HS8bZ9ox60yCJLH9snBpIwv9pYUAkcuLhSA1oero1UB5y9aiQpRA8y2ex945AOtCZL1lJDeIk3G5LthswI46Lw==",
            "dev": true,
            "requires": {
                "has-symbols": "^1.0.0"
            }
        },
        "isarray": {
            "version": "1.0.0",
            "resolved": "https://registry.npmjs.org/isarray/-/isarray-1.0.0.tgz",
            "integrity": "sha1-u5NdSFgsuhaMBoNJV6VKPgcSTxE="
        },
        "jmespath": {
            "version": "0.15.0",
            "resolved": "https://registry.npmjs.org/jmespath/-/jmespath-0.15.0.tgz",
            "integrity": "sha1-o/Iiqarp+Wb10nx5ZRDigJF2Qhc="
        },
        "js-string-escape": {
            "version": "1.0.1",
            "resolved": "https://registry.npmjs.org/js-string-escape/-/js-string-escape-1.0.1.tgz",
            "integrity": "sha1-4mJbrbwNZ8dTPp7cEGjFh65BN+8=",
            "dev": true
        },
        "json-text-sequence": {
            "version": "0.1.1",
            "resolved": "https://registry.npmjs.org/json-text-sequence/-/json-text-sequence-0.1.1.tgz",
            "integrity": "sha1-py8hfcSvxGKf/1/rME3BvVGi89I=",
            "dev": true,
            "requires": {
                "delimit-stream": "0.1.0"
            }
        },
        "jsonpath-plus": {
            "version": "0.20.1",
            "resolved": "https://registry.npmjs.org/jsonpath-plus/-/jsonpath-plus-0.20.1.tgz",
            "integrity": "sha512-8O4tBeXh9XGma2x2aPVwvpo9lXJAd4bx0XA0eRjYs4Cpz7e5PQy7sPttk2YmhvROJhEUu4DNUxmtLueicCqyZg==",
            "dev": true
        },
        "jsonwebtoken": {
            "version": "8.5.1",
            "resolved": "https://registry.npmjs.org/jsonwebtoken/-/jsonwebtoken-8.5.1.tgz",
            "integrity": "sha512-XjwVfRS6jTMsqYs0EsuJ4LGxXV14zQybNd4L2r0UvbVnSF9Af8x7p5MzbJ90Ioz/9TI41/hTCvznF/loiSzn8w==",
            "dev": true,
            "requires": {
                "jws": "^3.2.2",
                "lodash.includes": "^4.3.0",
                "lodash.isboolean": "^3.0.3",
                "lodash.isinteger": "^4.0.4",
                "lodash.isnumber": "^3.0.3",
                "lodash.isplainobject": "^4.0.6",
                "lodash.isstring": "^4.0.1",
                "lodash.once": "^4.0.0",
                "ms": "^2.1.1",
                "semver": "^5.6.0"
            },
            "dependencies": {
                "semver": {
                    "version": "5.7.0",
                    "resolved": "https://registry.npmjs.org/semver/-/semver-5.7.0.tgz",
                    "integrity": "sha512-Ya52jSX2u7QKghxeoFGpLwCtGlt7j0oY9DYb5apt9nPlJ42ID+ulTXESnt/qAQcoSERyZ5sl3LDIOw0nAn/5DA==",
                    "dev": true
                }
            }
        },
        "jwa": {
            "version": "1.4.1",
            "resolved": "https://registry.npmjs.org/jwa/-/jwa-1.4.1.tgz",
            "integrity": "sha512-qiLX/xhEEFKUAJ6FiBMbes3w9ATzyk5W7Hvzpa/SLYdxNtng+gcurvrI7TbACjIXlsJyr05/S1oUhZrc63evQA==",
            "dev": true,
            "requires": {
                "buffer-equal-constant-time": "1.0.1",
                "ecdsa-sig-formatter": "1.0.11",
                "safe-buffer": "^5.0.1"
            }
        },
        "jws": {
            "version": "3.2.2",
            "resolved": "https://registry.npmjs.org/jws/-/jws-3.2.2.tgz",
            "integrity": "sha512-YHlZCB6lMTllWDtSPHz/ZXTsi8S00usEV6v1tjq8tOUZzw7DpSDWVXjXDre6ed1w/pd495ODpHZYSdkRTsa0HA==",
            "dev": true,
            "requires": {
                "jwa": "^1.4.1",
                "safe-buffer": "^5.0.1"
            }
        },
        "lodash.includes": {
            "version": "4.3.0",
            "resolved": "https://registry.npmjs.org/lodash.includes/-/lodash.includes-4.3.0.tgz",
            "integrity": "sha1-YLuYqHy5I8aMoeUTJUgzFISfVT8=",
            "dev": true
        },
        "lodash.isboolean": {
            "version": "3.0.3",
            "resolved": "https://registry.npmjs.org/lodash.isboolean/-/lodash.isboolean-3.0.3.tgz",
            "integrity": "sha1-bC4XHbKiV82WgC/UOwGyDV9YcPY=",
            "dev": true
        },
        "lodash.isinteger": {
            "version": "4.0.4",
            "resolved": "https://registry.npmjs.org/lodash.isinteger/-/lodash.isinteger-4.0.4.tgz",
            "integrity": "sha1-YZwK89A/iwTDH1iChAt3sRzWg0M=",
            "dev": true
        },
        "lodash.isnumber": {
            "version": "3.0.3",
            "resolved": "https://registry.npmjs.org/lodash.isnumber/-/lodash.isnumber-3.0.3.tgz",
            "integrity": "sha1-POdoEMWSjQM1IwGsKHMX8RwLH/w=",
            "dev": true
        },
        "lodash.isplainobject": {
            "version": "4.0.6",
            "resolved": "https://registry.npmjs.org/lodash.isplainobject/-/lodash.isplainobject-4.0.6.tgz",
            "integrity": "sha1-fFJqUtibRcRcxpC4gWO+BJf1UMs=",
            "dev": true
        },
        "lodash.isstring": {
            "version": "4.0.1",
            "resolved": "https://registry.npmjs.org/lodash.isstring/-/lodash.isstring-4.0.1.tgz",
            "integrity": "sha1-1SfftUVuynzJu5XV2ur4i6VKVFE=",
            "dev": true
        },
        "lodash.once": {
            "version": "4.1.1",
            "resolved": "https://registry.npmjs.org/lodash.once/-/lodash.once-4.1.1.tgz",
            "integrity": "sha1-DdOXEhPHxW34gJd9UEyI+0cal6w=",
            "dev": true
        },
        "luxon": {
            "version": "1.17.1",
            "resolved": "https://registry.npmjs.org/luxon/-/luxon-1.17.1.tgz",
            "integrity": "sha512-+xo7Pj54xwyEzlMdXzDqm60Ewqbn0QqACwfIo6so9M1idUtYQrD7/PHjEFQQmLCBu8wUe2IDC2jrcJJ3Buk4Pw==",
            "dev": true
        },
        "mime-db": {
            "version": "1.40.0",
            "resolved": "https://registry.npmjs.org/mime-db/-/mime-db-1.40.0.tgz",
            "integrity": "sha512-jYdeOMPy9vnxEqFRRo6ZvTZ8d9oPb+k18PKoYNYUe2stVEBPPwsln/qWzdbmaIvnhZ9v2P+CuecK+fpUfsV2mA==",
            "dev": true
        },
        "ms": {
            "version": "2.1.2",
            "resolved": "https://registry.npmjs.org/ms/-/ms-2.1.2.tgz",
            "integrity": "sha512-sGkPx+VjMtmA6MX27oA4FBFELFCZZ4S4XqeGOXCv68tT+jb3vk/RyaKWP0PTKyWtmLSM0b+adUTEvbs1PEaH2w==",
            "dev": true
        },
        "msgpack-lite": {
            "version": "0.1.26",
            "resolved": "https://registry.npmjs.org/msgpack-lite/-/msgpack-lite-0.1.26.tgz",
            "integrity": "sha1-3TxQsm8FnyXn7e42REGDWOKprYk=",
            "dev": true,
            "requires": {
                "event-lite": "^0.1.1",
                "ieee754": "^1.1.8",
                "int64-buffer": "^0.1.9",
                "isarray": "^1.0.0"
            }
        },
        "node-fetch": {
            "version": "2.6.0",
            "resolved": "https://registry.npmjs.org/node-fetch/-/node-fetch-2.6.0.tgz",
            "integrity": "sha512-8dG4H5ujfvFiqDmVu9fQ5bOHUC15JMjMY/Zumv26oOvvVJjM67KF8koCWIabKQ1GJIa9r2mMZscBq/TbdOcmNA=="
        },
        "nofilter": {
            "version": "1.0.2",
            "resolved": "https://registry.npmjs.org/nofilter/-/nofilter-1.0.2.tgz",
            "integrity": "sha512-d38SORxm9UNoDsnPXajV9nBEebKX4/paXAlyRGnSjZuFbLLZDFUO4objr+tbybqsbqGXDWllb6gQoKUDc9q3Cg==",
            "dev": true
        },
        "object-keys": {
            "version": "1.1.1",
            "resolved": "https://registry.npmjs.org/object-keys/-/object-keys-1.1.1.tgz",
            "integrity": "sha512-NuAESUOUMrlIXOfHKzD6bpPu3tYt3xvjNdRIQ+FeT0lNb4K8WR70CaDxhuNguS2XG+GjkyMwOzsN5ZktImfhLA==",
            "dev": true
        },
        "object.fromentries": {
            "version": "2.0.0",
            "resolved": "https://registry.npmjs.org/object.fromentries/-/object.fromentries-2.0.0.tgz",
            "integrity": "sha512-9iLiI6H083uiqUuvzyY6qrlmc/Gz8hLQFOcb/Ri/0xXFkSNS3ctV+CbE6yM2+AnkYfOB3dGjdzC0wrMLIhQICA==",
            "dev": true,
            "requires": {
                "define-properties": "^1.1.2",
                "es-abstract": "^1.11.0",
                "function-bind": "^1.1.1",
                "has": "^1.0.1"
            }
        },
        "punycode": {
            "version": "1.3.2",
            "resolved": "https://registry.npmjs.org/punycode/-/punycode-1.3.2.tgz",
            "integrity": "sha1-llOgNvt8HuQjQvIyXM7v6jkmxI0="
        },
        "querystring": {
            "version": "0.2.0",
            "resolved": "https://registry.npmjs.org/querystring/-/querystring-0.2.0.tgz",
            "integrity": "sha1-sgmEkgO7Jd+CDadW50cAWHhSFiA="
        },
        "safe-buffer": {
            "version": "5.2.0",
            "resolved": "https://registry.npmjs.org/safe-buffer/-/safe-buffer-5.2.0.tgz",
            "integrity": "sha512-fZEwUGbVl7kouZs1jCdMLdt95hdIv0ZeHg6L7qPeciMZhZ+/gdesW4wgTARkrFWEpspjEATAzUGPG8N2jJiwbg==",
            "dev": true
        },
        "sax": {
            "version": "1.2.1",
            "resolved": "https://registry.npmjs.org/sax/-/sax-1.2.1.tgz",
            "integrity": "sha1-e45lYZCyKOgaZq6nSEgNgozS03o="
        },
        "semver": {
            "version": "6.2.0",
            "resolved": "https://registry.npmjs.org/semver/-/semver-6.2.0.tgz",
            "integrity": "sha512-jdFC1VdUGT/2Scgbimf7FSx9iJLXoqfglSF+gJeuNWVpiE37OIbc1jywR/GJyFdz3mnkz2/id0L0J/cr0izR5A==",
            "dev": true
        },
        "serverless-offline": {
            "version": "5.7.3",
            "resolved": "https://registry.npmjs.org/serverless-offline/-/serverless-offline-5.7.3.tgz",
            "integrity": "sha512-hDNatvNkrJ86pm7jQqpk1yVNQE20q5HiFuwFWxZHfljkFQOx4RyMluDN4Y6sLtV3LZHl/QY9JgV8v8TWe8dhDA==",
            "dev": true,
            "requires": {
                "@hapi/boom": "^7.4.2",
                "@hapi/h2o2": "^8.3.0",
                "@hapi/hapi": "^18.3.1",
                "cuid": "^2.1.6",
                "hapi-plugin-websocket": "^2.1.2",
                "js-string-escape": "^1.0.1",
                "jsonpath-plus": "^0.20.1",
                "jsonwebtoken": "^8.5.1",
                "luxon": "^1.16.1",
                "object.fromentries": "^2.0.0",
                "semver": "^6.2.0",
                "trim-newlines": "^3.0.0",
                "velocityjs": "^1.1.3"
            }
        },
        "serverless-pseudo-parameters": {
            "version": "2.4.0",
            "resolved": "https://registry.npmjs.org/serverless-pseudo-parameters/-/serverless-pseudo-parameters-2.4.0.tgz",
            "integrity": "sha512-lb9R62PUFdEAbbYH7pe1wzR7vtIpa8YI8OVcQ5LlLyE0+AxWG4bwEw33X5LE8+5oLwTy57Y/EevnxKnMeyiXxw==",
            "dev": true
        },
        "trim-newlines": {
            "version": "3.0.0",
            "resolved": "https://registry.npmjs.org/trim-newlines/-/trim-newlines-3.0.0.tgz",
            "integrity": "sha512-C4+gOpvmxaSMKuEf9Qc134F1ZuOHVXKRbtEflf4NTtuuJDEIJ9p5PXsalL8SkeRw+qit1Mo+yuvMPAKwWg/1hA==",
            "dev": true
        },
        "urijs": {
            "version": "1.19.1",
            "resolved": "https://registry.npmjs.org/urijs/-/urijs-1.19.1.tgz",
            "integrity": "sha512-xVrGVi94ueCJNrBSTjWqjvtgvl3cyOTThp2zaMaFNGp3F542TR6sM3f2o8RqZl+AwteClSVmoCyt0ka4RjQOQg==",
            "dev": true
        },
        "url": {
            "version": "0.10.3",
            "resolved": "https://registry.npmjs.org/url/-/url-0.10.3.tgz",
            "integrity": "sha1-Ah5NnHcF8hu/N9A861h2dAJ3TGQ=",
            "requires": {
                "punycode": "1.3.2",
                "querystring": "0.2.0"
            }
        },
        "utf8": {
            "version": "3.0.0",
            "resolved": "https://registry.npmjs.org/utf8/-/utf8-3.0.0.tgz",
            "integrity": "sha512-E8VjFIQ/TyQgp+TZfS6l8yp/xWppSAHzidGiRrqe4bK4XP9pTRyKFgGJpO3SN7zdX4DeomTrwaseCHovfpFcqQ==",
            "dev": true
        },
        "uuid": {
            "version": "3.3.2",
            "resolved": "https://registry.npmjs.org/uuid/-/uuid-3.3.2.tgz",
            "integrity": "sha512-yXJmeNaw3DnnKAOKJE51sL/ZaYfWJRl1pK9dr19YFCu0ObS231AB1/LbqTKRAQ5kw8A90rA6fr4riOUpTZvQZA=="
        },
        "velocityjs": {
            "version": "1.1.3",
            "resolved": "https://registry.npmjs.org/velocityjs/-/velocityjs-1.1.3.tgz",
            "integrity": "sha512-7cC2jgKt6AuSaAaJvvTkFFLuYJzKWTYHldPcRVCqR8e6bbx8iOweSTMcTjOmY/RedgINrlWG5m/SZxHJGna8CQ==",
            "dev": true
        },
        "websocket-framed": {
            "version": "1.2.1",
            "resolved": "https://registry.npmjs.org/websocket-framed/-/websocket-framed-1.2.1.tgz",
            "integrity": "sha512-Gzny2xBIboB/gO8ZIP2gRZQz5x0S+kxyJwBXvGhrbwolNVG5i4THm1IdA+0ga9ZWTpLCHrkcFXB+s88TlkDJUQ==",
            "dev": true,
            "requires": {
                "encodr": "1.2.0",
                "eventemitter3": "3.1.2"
            }
        },
        "ws": {
            "version": "7.0.0",
            "resolved": "https://registry.npmjs.org/ws/-/ws-7.0.0.tgz",
            "integrity": "sha512-cknCal4k0EAOrh1SHHPPWWh4qm93g1IuGGGwBjWkXmCG7LsDtL8w9w+YVfaF+KSVwiHQKDIMsSLBVftKf9d1pg==",
            "dev": true,
            "requires": {
                "async-limiter": "^1.0.0"
            }
        },
        "xml2js": {
            "version": "0.4.19",
            "resolved": "https://registry.npmjs.org/xml2js/-/xml2js-0.4.19.tgz",
            "integrity": "sha512-esZnJZJOiJR9wWKMyuvSE1y6Dq5LCuJanqhxslH2bxM6duahNZ+HMpCLhBQGZkbX6xRf8x1Y2eJlgt2q3qo49Q==",
            "requires": {
                "sax": ">=0.6.0",
                "xmlbuilder": "~9.0.1"
            }
        },
        "xmlbuilder": {
            "version": "9.0.7",
            "resolved": "https://registry.npmjs.org/xmlbuilder/-/xmlbuilder-9.0.7.tgz",
            "integrity": "sha1-Ey7mPS7FVlxVfiD0wi35rKaGsQ0="
        }
    }
}
